
Microsoft Visual Studio Solution File, Format Version 12.00
# Visual Studio Version 17
VisualStudioVersion = 17.3.32929.385
MinimumVisualStudioVersion = 10.0.40219.1
Project("{FAE04EC0-301F-11D3-BF4B-00C04F79EFBC}") = "TaskMasterUi", "TaskMasterUi\TaskMasterUi.csproj", "{08FD18E9-C05E-4412-BB76-7E4A74689485}"
EndProject
Project("{FAE04EC0-301F-11D3-BF4B-00C04F79EFBC}") = "TaskMasterApi", "TaskMasterApi\TaskMasterApi.csproj", "{86BB3C23-0069-40CA-BFC6-4E854211420C}"
EndProject
Global
	GlobalSection(SolutionConfigurationPlatforms) = preSolution
		Debug|Any CPU = Debug|Any CPU
		Release|Any CPU = Release|Any CPU
	EndGlobalSection
	GlobalSection(ProjectConfigurationPlatforms) = postSolution
		{08FD18E9-C05E-4412-BB76-7E4A74689485}.Debug|Any CPU.ActiveCfg = Debug|Any CPU
		{08FD18E9-C05E-4412-BB76-7E4A74689485}.Debug|Any CPU.Build.0 = Debug|Any CPU
		{08FD18E9-C05E-4412-BB76-7E4A74689485}.Release|Any CPU.ActiveCfg = Release|Any CPU
		{08FD18E9-C05E-4412-BB76-7E4A74689485}.Release|Any CPU.Build.0 = Release|Any CPU
		{86BB3C23-0069-40CA-BFC6-4E854211420C}.Debug|Any CPU.ActiveCfg = Debug|Any CPU
		{86BB3C23-0069-40CA-BFC6-4E854211420C}.Debug|Any CPU.Build.0 = Debug|Any CPU
		{86BB3C23-0069-40CA-BFC6-4E854211420C}.Release|Any CPU.ActiveCfg = Release|Any CPU
		{86BB3C23-0069-40CA-BFC6-4E854211420C}.Release|Any CPU.Build.0 = Release|Any CPU
	EndGlobalSection
	GlobalSection(SolutionProperties) = preSolution
		HideSolutionNode = FALSE
	EndGlobalSection
	GlobalSection(ExtensibilityGlobals) = postSolution
		SolutionGuid = {B3F724AB-C616-45D3-8585-366C5D70DE03}
	EndGlobalSection
EndGlobal
